
Microsoft Visual Studio Solution File, Format Version 12.00
# Visual Studio 2012
Project("{FAE04EC0-301F-11D3-BF4B-00C04F79EFBC}") = "ItemSelectedSample", "ItemSelectedSample\ItemSelectedSample.csproj", "{15E137A0-47B3-41B0-99F2-7F2A4050DA93}"
EndProject
Project("{FAE04EC0-301F-11D3-BF4B-00C04F79EFBC}") = "ItemSelectedSample.iOS", "iOS\ItemSelectedSample.iOS.csproj", "{283B6FC2-786D-45E2-A29A-252F9C5F9361}"
EndProject
Project("{FAE04EC0-301F-11D3-BF4B-00C04F79EFBC}") = "ItemSelectedSample.Droid", "Droid\ItemSelectedSample.Droid.csproj", "{2CF1EA45-A9FB-4D1C-9BFC-FD9A939BFA95}"
EndProject
Global
	GlobalSection(SolutionConfigurationPlatforms) = preSolution
		Debug|Any CPU = Debug|Any CPU
		Release|Any CPU = Release|Any CPU
		Debug|iPhoneSimulator = Debug|iPhoneSimulator
		Release|iPhone = Release|iPhone
		Release|iPhoneSimulator = Release|iPhoneSimulator
		Debug|iPhone = Debug|iPhone
	EndGlobalSection
	GlobalSection(ProjectConfigurationPlatforms) = postSolution
		{15E137A0-47B3-41B0-99F2-7F2A4050DA93}.Debug|Any CPU.ActiveCfg = Debug|Any CPU
		{15E137A0-47B3-41B0-99F2-7F2A4050DA93}.Debug|Any CPU.Build.0 = Debug|Any CPU
		{15E137A0-47B3-41B0-99F2-7F2A4050DA93}.Release|Any CPU.ActiveCfg = Release|Any CPU
		{15E137A0-47B3-41B0-99F2-7F2A4050DA93}.Release|Any CPU.Build.0 = Release|Any CPU
		{15E137A0-47B3-41B0-99F2-7F2A4050DA93}.Debug|iPhoneSimulator.ActiveCfg = Debug|Any CPU
		{15E137A0-47B3-41B0-99F2-7F2A4050DA93}.Debug|iPhoneSimulator.Build.0 = Debug|Any CPU
		{15E137A0-47B3-41B0-99F2-7F2A4050DA93}.Release|iPhone.ActiveCfg = Release|Any CPU
		{15E137A0-47B3-41B0-99F2-7F2A4050DA93}.Release|iPhone.Build.0 = Release|Any CPU
		{15E137A0-47B3-41B0-99F2-7F2A4050DA93}.Release|iPhoneSimulator.ActiveCfg = Release|Any CPU
		{15E137A0-47B3-41B0-99F2-7F2A4050DA93}.Release|iPhoneSimulator.Build.0 = Release|Any CPU
		{15E137A0-47B3-41B0-99F2-7F2A4050DA93}.Debug|iPhone.ActiveCfg = Debug|Any CPU
		{15E137A0-47B3-41B0-99F2-7F2A4050DA93}.Debug|iPhone.Build.0 = Debug|Any CPU
		{283B6FC2-786D-45E2-A29A-252F9C5F9361}.Debug|Any CPU.ActiveCfg = Debug|iPhoneSimulator
		{283B6FC2-786D-45E2-A29A-252F9C5F9361}.Debug|Any CPU.Build.0 = Debug|iPhoneSimulator
		{283B6FC2-786D-45E2-A29A-252F9C5F9361}.Release|Any CPU.ActiveCfg = Debug|iPhoneSimulator
		{283B6FC2-786D-45E2-A29A-252F9C5F9361}.Release|Any CPU.Build.0 = Debug|iPhoneSimulator
		{283B6FC2-786D-45E2-A29A-252F9C5F9361}.Debug|iPhoneSimulator.ActiveCfg = Debug|iPhoneSimulator
		{283B6FC2-786D-45E2-A29A-252F9C5F9361}.Debug|iPhoneSimulator.Build.0 = Debug|iPhoneSimulator
		{283B6FC2-786D-45E2-A29A-252F9C5F9361}.Release|iPhone.ActiveCfg = Release|iPhone
		{283B6FC2-786D-45E2-A29A-252F9C5F9361}.Release|iPhone.Build.0 = Release|iPhone
		{283B6FC2-786D-45E2-A29A-252F9C5F9361}.Release|iPhoneSimulator.ActiveCfg = Release|iPhoneSimulator
		{283B6FC2-786D-45E2-A29A-252F9C5F9361}.Release|iPhoneSimulator.Build.0 = Release|iPhoneSimulator
		{283B6FC2-786D-45E2-A29A-252F9C5F9361}.Debug|iPhone.ActiveCfg = Debug|iPhone
		{283B6FC2-786D-45E2-A29A-252F9C5F9361}.Debug|iPhone.Build.0 = Debug|iPhone
		{2CF1EA45-A9FB-4D1C-9BFC-FD9A939BFA95}.Debug|Any CPU.ActiveCfg = Debug|Any CPU
		{2CF1EA45-A9FB-4D1C-9BFC-FD9A939BFA95}.Debug|Any CPU.Build.0 = Debug|Any CPU
		{2CF1EA45-A9FB-4D1C-9BFC-FD9A939BFA95}.Release|Any CPU.ActiveCfg = Release|Any CPU
		{2CF1EA45-A9FB-4D1C-9BFC-FD9A939BFA95}.Release|Any CPU.Build.0 = Release|Any CPU
		{2CF1EA45-A9FB-4D1C-9BFC-FD9A939BFA95}.Debug|iPhoneSimulator.ActiveCfg = Debug|Any CPU
		{2CF1EA45-A9FB-4D1C-9BFC-FD9A939BFA95}.Debug|iPhoneSimulator.Build.0 = Debug|Any CPU
		{2CF1EA45-A9FB-4D1C-9BFC-FD9A939BFA95}.Release|iPhone.ActiveCfg = Release|Any CPU
		{2CF1EA45-A9FB-4D1C-9BFC-FD9A939BFA95}.Release|iPhone.Build.0 = Release|Any CPU
		{2CF1EA45-A9FB-4D1C-9BFC-FD9A939BFA95}.Release|iPhoneSimulator.ActiveCfg = Release|Any CPU
		{2CF1EA45-A9FB-4D1C-9BFC-FD9A939BFA95}.Release|iPhoneSimulator.Build.0 = Release|Any CPU
		{2CF1EA45-A9FB-4D1C-9BFC-FD9A939BFA95}.Debug|iPhone.ActiveCfg = Debug|Any CPU
		{2CF1EA45-A9FB-4D1C-9BFC-FD9A939BFA95}.Debug|iPhone.Build.0 = Debug|Any CPU
	EndGlobalSection
EndGlobal
